// !$*UTF8*$!
{
	archiveVersion = 1;
	classes = {
	};
	objectVersion = 50;
	objects = {

/* Begin PBXBuildFile section */
		007FE2CF23EF333000224D39 /* AppDelegate.swift in Sources */ = {isa = PBXBuildFile; fileRef = 007FE2CE23EF333000224D39 /* AppDelegate.swift */; };
		007FE2D123EF333000224D39 /* SceneDelegate.swift in Sources */ = {isa = PBXBuildFile; fileRef = 007FE2D023EF333000224D39 /* SceneDelegate.swift */; };
		007FE2D323EF333000224D39 /* ViewController.swift in Sources */ = {isa = PBXBuildFile; fileRef = 007FE2D223EF333000224D39 /* ViewController.swift */; };
		007FE2D823EF333700224D39 /* Assets.xcassets in Resources */ = {isa = PBXBuildFile; fileRef = 007FE2D723EF333700224D39 /* Assets.xcassets */; };
		007FE2DB23EF333700224D39 /* LaunchScreen.storyboard in Resources */ = {isa = PBXBuildFile; fileRef = 007FE2D923EF333700224D39 /* LaunchScreen.storyboard */; };
		00ACD2CB23EFC81E007297CF /* Main.storyboard in Resources */ = {isa = PBXBuildFile; fileRef = 00ACD2CA23EFC81E007297CF /* Main.storyboard */; };
		00ACD2CD23EFD4E9007297CF /* MapKitManager.swift in Sources */ = {isa = PBXBuildFile; fileRef = 00ACD2CC23EFD4E9007297CF /* MapKitManager.swift */; };
/* End PBXBuildFile section */

/* Begin PBXFileReference section */
		007FE2CB23EF333000224D39 /* FuelTripV3.app */ = {isa = PBXFileReference; explicitFileType = wrapper.application; includeInIndex = 0; path = FuelTripV3.app; sourceTree = BUILT_PRODUCTS_DIR; };
		007FE2CE23EF333000224D39 /* AppDelegate.swift */ = {isa = PBXFileReference; lastKnownFileType = sourcecode.swift; path = AppDelegate.swift; sourceTree = "<group>"; };
		007FE2D023EF333000224D39 /* SceneDelegate.swift */ = {isa = PBXFileReference; lastKnownFileType = sourcecode.swift; path = SceneDelegate.swift; sourceTree = "<group>"; };
		007FE2D223EF333000224D39 /* ViewController.swift */ = {isa = PBXFileReference; lastKnownFileType = sourcecode.swift; name = ViewController.swift; path = ../ViewController.swift; sourceTree = "<group>"; };
		007FE2D723EF333700224D39 /* Assets.xcassets */ = {isa = PBXFileReference; lastKnownFileType = folder.assetcatalog; path = Assets.xcassets; sourceTree = "<group>"; };
		007FE2DA23EF333700224D39 /* Base */ = {isa = PBXFileReference; lastKnownFileType = file.storyboard; name = Base; path = Base.lproj/LaunchScreen.storyboard; sourceTree = "<group>"; };
		007FE2DC23EF333700224D39 /* Info.plist */ = {isa = PBXFileReference; lastKnownFileType = text.plist.xml; path = Info.plist; sourceTree = "<group>"; };
		00ACD2CA23EFC81E007297CF /* Main.storyboard */ = {isa = PBXFileReference; lastKnownFileType = file.storyboard; path = Main.storyboard; sourceTree = "<group>"; };
		00ACD2CC23EFD4E9007297CF /* MapKitManager.swift */ = {isa = PBXFileReference; lastKnownFileType = sourcecode.swift; path = MapKitManager.swift; sourceTree = "<group>"; };
/* End PBXFileReference section */

/* Begin PBXFrameworksBuildPhase section */
		007FE2C823EF333000224D39 /* Frameworks */ = {
			isa = PBXFrameworksBuildPhase;
			buildActionMask = 2147483647;
			files = (
			);
			runOnlyForDeploymentPostprocessing = 0;
		};
/* End PBXFrameworksBuildPhase section */

/* Begin PBXGroup section */
		007FE2C223EF333000224D39 = {
			isa = PBXGroup;
			children = (
				007FE2CD23EF333000224D39 /* FuelTripV3 */,
				007FE2CC23EF333000224D39 /* Products */,
			);
			sourceTree = "<group>";
		};
		007FE2CC23EF333000224D39 /* Products */ = {
			isa = PBXGroup;
			children = (
				007FE2CB23EF333000224D39 /* FuelTripV3.app */,
			);
			name = Products;
			sourceTree = "<group>";
		};
		007FE2CD23EF333000224D39 /* FuelTripV3 */ = {
			isa = PBXGroup;
			children = (
				007FE2CE23EF333000224D39 /* AppDelegate.swift */,
				007FE2D023EF333000224D39 /* SceneDelegate.swift */,
				008A67E223EFC05700865873 /* Model */,
				008A67E123EFC04700865873 /* View */,
				008A67E023EFC03D00865873 /* Controller */,
				007FE2D723EF333700224D39 /* Assets.xcassets */,
				007FE2D923EF333700224D39 /* LaunchScreen.storyboard */,
				007FE2DC23EF333700224D39 /* Info.plist */,
			);
			path = FuelTripV3;
			sourceTree = "<group>";
		};
		008A67E023EFC03D00865873 /* Controller */ = {
			isa = PBXGroup;
			children = (
				007FE2D223EF333000224D39 /* ViewController.swift */,
			);
			path = Controller;
			sourceTree = "<group>";
		};
		008A67E123EFC04700865873 /* View */ = {
			isa = PBXGroup;
			children = (
				00ACD2CA23EFC81E007297CF /* Main.storyboard */,
			);
			path = View;
			sourceTree = "<group>";
		};
		008A67E223EFC05700865873 /* Model */ = {
			isa = PBXGroup;
			children = (
				00ACD2CC23EFD4E9007297CF /* MapKitManager.swift */,
			);
			path = Model;
			sourceTree = "<group>";
		};
/* End PBXGroup section */

/* Begin PBXNativeTarget section */
		007FE2CA23EF333000224D39 /* FuelTripV3 */ = {
			isa = PBXNativeTarget;
			buildConfigurationList = 007FE2DF23EF333700224D39 /* Build configuration list for PBXNativeTarget "FuelTripV3" */;
			buildPhases = (
				007FE2C723EF333000224D39 /* Sources */,
				007FE2C823EF333000224D39 /* Frameworks */,
				007FE2C923EF333000224D39 /* Resources */,
			);
			buildRules = (
			);
			dependencies = (
			);
			name = FuelTripV3;
			productName = FuelTripV3;
			productReference = 007FE2CB23EF333000224D39 /* FuelTripV3.app */;
			productType = "com.apple.product-type.application";
		};
/* End PBXNativeTarget section */

/* Begin PBXProject section */
		007FE2C323EF333000224D39 /* Project object */ = {
			isa = PBXProject;
			attributes = {
				LastSwiftUpdateCheck = 1130;
				LastUpgradeCheck = 1130;
				ORGANIZATIONNAME = "Tim Riedesel";
				TargetAttributes = {
					007FE2CA23EF333000224D39 = {
						CreatedOnToolsVersion = 11.3;
					};
				};
			};
			buildConfigurationList = 007FE2C623EF333000224D39 /* Build configuration list for PBXProject "FuelTripV3" */;
			compatibilityVersion = "Xcode 9.3";
			developmentRegion = en;
			hasScannedForEncodings = 0;
			knownRegions = (
				en,
				Base,
			);
			mainGroup = 007FE2C223EF333000224D39;
			productRefGroup = 007FE2CC23EF333000224D39 /* Products */;
			projectDirPath = "";
			projectRoot = "";
			targets = (
				007FE2CA23EF333000224D39 /* FuelTripV3 */,
			);
		};
/* End PBXProject section */

/* Begin PBXResourcesBuildPhase section */
		007FE2C923EF333000224D39 /* Resources */ = {
			isa = PBXResourcesBuildPhase;
			buildActionMask = 2147483647;
			files = (
				007FE2DB23EF333700224D39 /* LaunchScreen.storyboard in Resources */,
				007FE2D823EF333700224D39 /* Assets.xcassets in Resources */,
				00ACD2CB23EFC81E007297CF /* Main.storyboard in Resources */,
			);
			runOnlyForDeploymentPostprocessing = 0;
		};
/* End PBXResourcesBuildPhase section */

/* Begin PBXSourcesBuildPhase section */
		007FE2C723EF333000224D39 /* Sources */ = {
			isa = PBXSourcesBuildPhase;
			buildActionMask = 2147483647;
			files = (
				007FE2D323EF333000224D39 /* ViewController.swift in Sources */,
				007FE2CF23EF333000224D39 /* AppDelegate.swift in Sources */,
				007FE2D123EF333000224D39 /* SceneDelegate.swift in Sources */,
				00ACD2CD23EFD4E9007297CF /* MapKitManager.swift in Sources */,
			);
			runOnlyForDeploymentPostprocessing = 0;
		};
/* End PBXSourcesBuildPhase section */

/* Begin PBXVariantGroup section */
		007FE2D923EF333700224D39 /* LaunchScreen.storyboard */ = {
			isa = PBXVariantGroup;
			children = (
				007FE2DA23EF333700224D39 /* Base */,
			);
			name = LaunchScreen.storyboard;
			sourceTree = "<group>";
		};
/* End PBXVariantGroup section */

/* Begin XCBuildConfiguration section */
		007FE2DD23EF333700224D39 /* Debug */ = {
			isa = XCBuildConfiguration;
			buildSettings = {
				ALWAYS_SEARCH_USER_PATHS = NO;
				CLANG_ANALYZER_NONNULL = YES;
				CLANG_ANALYZER_NUMBER_OBJECT_CONVERSION = YES_AGGRESSIVE;
				CLANG_CXX_LANGUAGE_STANDARD = "gnu++14";
				CLANG_CXX_LIBRARY = "libc++";
				CLANG_ENABLE_MODULES = YES;
				CLANG_ENABLE_OBJC_ARC = YES;
				CLANG_ENABLE_OBJC_WEAK = YES;
				CLANG_WARN_BLOCK_CAPTURE_AUTORELEASING = YES;
				CLANG_WARN_BOOL_CONVERSION = YES;
				CLANG_WARN_COMMA = YES;
				CLANG_WARN_CONSTANT_CONVERSION = YES;
				CLANG_WARN_DEPRECATED_OBJC_IMPLEMENTATIONS = YES;
				CLANG_WARN_DIRECT_OBJC_ISA_USAGE = YES_ERROR;
				CLANG_WARN_DOCUMENTATION_COMMENTS = YES;
				CLANG_WARN_EMPTY_BODY = YES;
				CLANG_WARN_ENUM_CONVERSION = YES;
				CLANG_WARN_INFINITE_RECURSION = YES;
				CLANG_WARN_INT_CONVERSION = YES;
				CLANG_WARN_NON_LITERAL_NULL_CONVERSION = YES;
				CLANG_WARN_OBJC_IMPLICIT_RETAIN_SELF = YES;
				CLANG_WARN_OBJC_LITERAL_CONVERSION = YES;
				CLANG_WARN_OBJC_ROOT_CLASS = YES_ERROR;
				CLANG_WARN_RANGE_LOOP_ANALYSIS = YES;
				CLANG_WARN_STRICT_PROTOTYPES = YES;
				CLANG_WARN_SUSPICIOUS_MOVE = YES;
				CLANG_WARN_UNGUARDED_AVAILABILITY = YES_AGGRESSIVE;
				CLANG_WARN_UNREACHABLE_CODE = YES;
				CLANG_WARN__DUPLICATE_METHOD_MATCH = YES;
				COPY_PHASE_STRIP = NO;
				DEBUG_INFORMATION_FORMAT = dwarf;
				ENABLE_STRICT_OBJC_MSGSEND = YES;
				ENABLE_TESTABILITY = YES;
				GCC_C_LANGUAGE_STANDARD = gnu11;
				GCC_DYNAMIC_NO_PIC = NO;
				GCC_NO_COMMON_BLOCKS = YES;
				GCC_OPTIMIZATION_LEVEL = 0;
				GCC_PREPROCESSOR_DEFINITIONS = (
					"DEBUG=1",
					"$(inherited)",
				);
				GCC_WARN_64_TO_32_BIT_CONVERSION = YES;
				GCC_WARN_ABOUT_RETURN_TYPE = YES_ERROR;
				GCC_WARN_UNDECLARED_SELECTOR = YES;
				GCC_WARN_UNINITIALIZED_AUTOS = YES_AGGRESSIVE;
				GCC_WARN_UNUSED_FUNCTION = YES;
				GCC_WARN_UNUSED_VARIABLE = YES;
				IPHONEOS_DEPLOYMENT_TARGET = 13.2;
				MTL_ENABLE_DEBUG_INFO = INCLUDE_SOURCE;
				MTL_FAST_MATH = YES;
				ONLY_ACTIVE_ARCH = YES;
				SDKROOT = iphoneos;
				SWIFT_ACTIVE_COMPILATION_CONDITIONS = DEBUG;
				SWIFT_OPTIMIZATION_LEVEL = "-Onone";
			};
			name = Debug;
		};
		007FE2DE23EF333700224D39 /* Release */ = {
			isa = XCBuildConfiguration;
			buildSettings = {
				ALWAYS_SEARCH_USER_PATHS = NO;
				CLANG_ANALYZER_NONNULL = YES;
				CLANG_ANALYZER_NUMBER_OBJECT_CONVERSION = YES_AGGRESSIVE;
				CLANG_CXX_LANGUAGE_STANDARD = "gnu++14";
				CLANG_CXX_LIBRARY = "libc++";
				CLANG_ENABLE_MODULES = YES;
				CLANG_ENABLE_OBJC_ARC = YES;
				CLANG_ENABLE_OBJC_WEAK = YES;
				CLANG_WARN_BLOCK_CAPTURE_AUTORELEASING = YES;
				CLANG_WARN_BOOL_CONVERSION = YES;
				CLANG_WARN_COMMA = YES;
				CLANG_WARN_CONSTANT_CONVERSION = YES;
				CLANG_WARN_DEPRECATED_OBJC_IMPLEMENTATIONS = YES;
				CLANG_WARN_DIRECT_OBJC_ISA_USAGE = YES_ERROR;
				CLANG_WARN_DOCUMENTATION_COMMENTS = YES;
				CLANG_WARN_EMPTY_BODY = YES;
				CLANG_WARN_ENUM_CONVERSION = YES;
				CLANG_WARN_INFINITE_RECURSION = YES;
				CLANG_WARN_INT_CONVERSION = YES;
				CLANG_WARN_NON_LITERAL_NULL_CONVERSION = YES;
				CLANG_WARN_OBJC_IMPLICIT_RETAIN_SELF = YES;
				CLANG_WARN_OBJC_LITERAL_CONVERSION = YES;
				CLANG_WARN_OBJC_ROOT_CLASS = YES_ERROR;
				CLANG_WARN_RANGE_LOOP_ANALYSIS = YES;
				CLANG_WARN_STRICT_PROTOTYPES = YES;
				CLANG_WARN_SUSPICIOUS_MOVE = YES;
				CLANG_WARN_UNGUARDED_AVAILABILITY = YES_AGGRESSIVE;
				CLANG_WARN_UNREACHABLE_CODE = YES;
				CLANG_WARN__DUPLICATE_METHOD_MATCH = YES;
				COPY_PHASE_STRIP = NO;
				DEBUG_INFORMATION_FORMAT = "dwarf-with-dsym";
				ENABLE_NS_ASSERTIONS = NO;
				ENABLE_STRICT_OBJC_MSGSEND = YES;
				GCC_C_LANGUAGE_STANDARD = gnu11;
				GCC_NO_COMMON_BLOCKS = YES;
				GCC_WARN_64_TO_32_BIT_CONVERSION = YES;
				GCC_WARN_ABOUT_RETURN_TYPE = YES_ERROR;
				GCC_WARN_UNDECLARED_SELECTOR = YES;
				GCC_WARN_UNINITIALIZED_AUTOS = YES_AGGRESSIVE;
				GCC_WARN_UNUSED_FUNCTION = YES;
				GCC_WARN_UNUSED_VARIABLE = YES;
				IPHONEOS_DEPLOYMENT_TARGET = 13.2;
				MTL_ENABLE_DEBUG_INFO = NO;
				MTL_FAST_MATH = YES;
				SDKROOT = iphoneos;
				SWIFT_COMPILATION_MODE = wholemodule;
				SWIFT_OPTIMIZATION_LEVEL = "-O";
				VALIDATE_PRODUCT = YES;
			};
			name = Release;
		};
		007FE2E023EF333700224D39 /* Debug */ = {
			isa = XCBuildConfiguration;
			buildSettings = {
				ASSETCATALOG_COMPILER_APPICON_NAME = AppIcon;
				CODE_SIGN_STYLE = Automatic;
				DEVELOPMENT_TEAM = R847G7L3D7;
				INFOPLIST_FILE = FuelTripV3/Info.plist;
				LD_RUNPATH_SEARCH_PATHS = (
					"$(inherited)",
					"@executable_path/Frameworks",
				);
				MARKETING_VERSION = 1.0;
				PRODUCT_BUNDLE_IDENTIFIER = TR.FuelTripV3;
				PRODUCT_NAME = "$(TARGET_NAME)";
				SWIFT_VERSION = 5.0;
				TARGETED_DEVICE_FAMILY = "1,2";
			};
			name = Debug;
		};
		007FE2E123EF333700224D39 /* Release */ = {
			isa = XCBuildConfiguration;
			buildSettings = {
				ASSETCATALOG_COMPILER_APPICON_NAME = AppIcon;
				CODE_SIGN_STYLE = Automatic;
				DEVELOPMENT_TEAM = R847G7L3D7;
				INFOPLIST_FILE = FuelTripV3/Info.plist;
				LD_RUNPATH_SEARCH_PATHS = (
					"$(inherited)",
					"@executable_path/Frameworks",
				);
				MARKETING_VERSION = 1.0;
				PRODUCT_BUNDLE_IDENTIFIER = TR.FuelTripV3;
				PRODUCT_NAME = "$(TARGET_NAME)";
				SWIFT_VERSION = 5.0;
				TARGETED_DEVICE_FAMILY = "1,2";
			};
			name = Release;
		};
/* End XCBuildConfiguration section */

/* Begin XCConfigurationList section */
		007FE2C623EF333000224D39 /* Build configuration list for PBXProject "FuelTripV3" */ = {
			isa = XCConfigurationList;
			buildConfigurations = (
				007FE2DD23EF333700224D39 /* Debug */,
				007FE2DE23EF333700224D39 /* Release */,
			);
			defaultConfigurationIsVisible = 0;
			defaultConfigurationName = Release;
		};
		007FE2DF23EF333700224D39 /* Build configuration list for PBXNativeTarget "FuelTripV3" */ = {
			isa = XCConfigurationList;
			buildConfigurations = (
				007FE2E023EF333700224D39 /* Debug */,
				007FE2E123EF333700224D39 /* Release */,
			);
			defaultConfigurationIsVisible = 0;
			defaultConfigurationName = Release;
		};
/* End XCConfigurationList section */
	};
	rootObject = 007FE2C323EF333000224D39 /* Project object */;
}
